
Microsoft Visual Studio Solution File, Format Version 12.00
# Visual Studio Version 16
VisualStudioVersion = 16.0.30907.101
MinimumVisualStudioVersion = 10.0.40219.1
Project("{FAE04EC0-301F-11D3-BF4B-00C04F79EFBC}") = "Lab3", "Lab3\Lab3.csproj", "{4C7402E0-BFBE-4B45-B45C-B5212420B705}"
EndProject
Global
	GlobalSection(SolutionConfigurationPlatforms) = preSolution
		Debug|Any CPU = Debug|Any CPU
		Release|Any CPU = Release|Any CPU
	EndGlobalSection
	GlobalSection(ProjectConfigurationPlatforms) = postSolution
		{4C7402E0-BFBE-4B45-B45C-B5212420B705}.Debug|Any CPU.ActiveCfg = Debug|Any CPU
		{4C7402E0-BFBE-4B45-B45C-B5212420B705}.Debug|Any CPU.Build.0 = Debug|Any CPU
		{4C7402E0-BFBE-4B45-B45C-B5212420B705}.Release|Any CPU.ActiveCfg = Release|Any CPU
		{4C7402E0-BFBE-4B45-B45C-B5212420B705}.Release|Any CPU.Build.0 = Release|Any CPU
	EndGlobalSection
	GlobalSection(SolutionProperties) = preSolution
		HideSolutionNode = FALSE
	EndGlobalSection
	GlobalSection(ExtensibilityGlobals) = postSolution
		SolutionGuid = {F08679D0-3922-4DAA-8572-6619B65CA131}
	EndGlobalSection
EndGlobal
